
Microsoft Visual Studio Solution File, Format Version 12.00
# Visual Studio 15
VisualStudioVersion = 15.0.26430.15
MinimumVisualStudioVersion = 10.0.40219.1
Project("{FAE04EC0-301F-11D3-BF4B-00C04F79EFBC}") = "HashTableExample1", "HashTableExample1\HashTableExample1.csproj", "{EF54ABA1-94EC-4443-8114-B6A1B0476F55}"
EndProject
Global
	GlobalSection(SolutionConfigurationPlatforms) = preSolution
		Debug|Any CPU = Debug|Any CPU
		Release|Any CPU = Release|Any CPU
	EndGlobalSection
	GlobalSection(ProjectConfigurationPlatforms) = postSolution
		{EF54ABA1-94EC-4443-8114-B6A1B0476F55}.Debug|Any CPU.ActiveCfg = Debug|Any CPU
		{EF54ABA1-94EC-4443-8114-B6A1B0476F55}.Debug|Any CPU.Build.0 = Debug|Any CPU
		{EF54ABA1-94EC-4443-8114-B6A1B0476F55}.Release|Any CPU.ActiveCfg = Release|Any CPU
		{EF54ABA1-94EC-4443-8114-B6A1B0476F55}.Release|Any CPU.Build.0 = Release|Any CPU
	EndGlobalSection
	GlobalSection(SolutionProperties) = preSolution
		HideSolutionNode = FALSE
	EndGlobalSection
EndGlobal
