
Microsoft Visual Studio Solution File, Format Version 12.00
# Visual Studio 2012
Project("{FAE04EC0-301F-11D3-BF4B-00C04F79EFBC}") = "Polymorphism_Ex3", "Polymorphism_Ex3.csproj", "{3E3754D7-C6B6-46E7-BA79-3DAAADFECF4F}"
EndProject
Global
	GlobalSection(SolutionConfigurationPlatforms) = preSolution
		Debug|x86 = Debug|x86
		Release|x86 = Release|x86
	EndGlobalSection
	GlobalSection(ProjectConfigurationPlatforms) = postSolution
		{3E3754D7-C6B6-46E7-BA79-3DAAADFECF4F}.Debug|x86.ActiveCfg = Debug|x86
		{3E3754D7-C6B6-46E7-BA79-3DAAADFECF4F}.Debug|x86.Build.0 = Debug|x86
		{3E3754D7-C6B6-46E7-BA79-3DAAADFECF4F}.Release|x86.ActiveCfg = Release|x86
		{3E3754D7-C6B6-46E7-BA79-3DAAADFECF4F}.Release|x86.Build.0 = Release|x86
	EndGlobalSection
EndGlobal
