
Microsoft Visual Studio Solution File, Format Version 12.00
# Visual Studio 15
VisualStudioVersion = 15.0.26430.15
MinimumVisualStudioVersion = 10.0.40219.1
Project("{FAE04EC0-301F-11D3-BF4B-00C04F79EFBC}") = "SynonymTask", "SynonymTask\SynonymTask.csproj", "{59453DE2-8DB9-4EBC-AE11-AF75D23C71EE}"
EndProject
Global
	GlobalSection(SolutionConfigurationPlatforms) = preSolution
		Debug|Any CPU = Debug|Any CPU
		Release|Any CPU = Release|Any CPU
	EndGlobalSection
	GlobalSection(ProjectConfigurationPlatforms) = postSolution
		{59453DE2-8DB9-4EBC-AE11-AF75D23C71EE}.Debug|Any CPU.ActiveCfg = Debug|Any CPU
		{59453DE2-8DB9-4EBC-AE11-AF75D23C71EE}.Debug|Any CPU.Build.0 = Debug|Any CPU
		{59453DE2-8DB9-4EBC-AE11-AF75D23C71EE}.Release|Any CPU.ActiveCfg = Release|Any CPU
		{59453DE2-8DB9-4EBC-AE11-AF75D23C71EE}.Release|Any CPU.Build.0 = Release|Any CPU
	EndGlobalSection
	GlobalSection(SolutionProperties) = preSolution
		HideSolutionNode = FALSE
	EndGlobalSection
EndGlobal
